
Microsoft Visual Studio Solution File, Format Version 12.00
# Visual Studio Version 17
VisualStudioVersion = 17.3.32811.315
MinimumVisualStudioVersion = 10.0.40219.1
Project("{9A19103F-16F7-4668-BE54-9A1E7A4F7556}") = "Core", "Core\Core.csproj", "{03FBECBB-BDAD-4A2B-BA9D-53FD98B64B58}"
EndProject
Project("{9A19103F-16F7-4668-BE54-9A1E7A4F7556}") = "CoreTests", "CoreTests\CoreTests.csproj", "{625E675B-B939-44C1-A0DB-D31151D66955}"
EndProject
Project("{2150E333-8FDC-42A3-9474-1A3956D46DE8}") = "Элементы решения", "Элементы решения", "{8A174E2C-F31C-4EA0-A11A-40A930864652}"
	ProjectSection(SolutionItems) = preProject
		SqlQuestion.sql = SqlQuestion.sql
	EndProjectSection
EndProject
Global
	GlobalSection(SolutionConfigurationPlatforms) = preSolution
		Debug|Any CPU = Debug|Any CPU
		Release|Any CPU = Release|Any CPU
	EndGlobalSection
	GlobalSection(ProjectConfigurationPlatforms) = postSolution
		{03FBECBB-BDAD-4A2B-BA9D-53FD98B64B58}.Debug|Any CPU.ActiveCfg = Debug|Any CPU
		{03FBECBB-BDAD-4A2B-BA9D-53FD98B64B58}.Debug|Any CPU.Build.0 = Debug|Any CPU
		{03FBECBB-BDAD-4A2B-BA9D-53FD98B64B58}.Release|Any CPU.ActiveCfg = Release|Any CPU
		{03FBECBB-BDAD-4A2B-BA9D-53FD98B64B58}.Release|Any CPU.Build.0 = Release|Any CPU
		{625E675B-B939-44C1-A0DB-D31151D66955}.Debug|Any CPU.ActiveCfg = Debug|Any CPU
		{625E675B-B939-44C1-A0DB-D31151D66955}.Debug|Any CPU.Build.0 = Debug|Any CPU
		{625E675B-B939-44C1-A0DB-D31151D66955}.Release|Any CPU.ActiveCfg = Release|Any CPU
		{625E675B-B939-44C1-A0DB-D31151D66955}.Release|Any CPU.Build.0 = Release|Any CPU
	EndGlobalSection
	GlobalSection(SolutionProperties) = preSolution
		HideSolutionNode = FALSE
	EndGlobalSection
	GlobalSection(ExtensibilityGlobals) = postSolution
		SolutionGuid = {843C5F3D-8846-4318-B806-B90BC13E1C4A}
	EndGlobalSection
EndGlobal
